
Microsoft Visual Studio Solution File, Format Version 12.00
# Visual Studio Version 17
VisualStudioVersion = 17.3.32929.385
MinimumVisualStudioVersion = 10.0.40219.1
Project("{FAE04EC0-301F-11D3-BF4B-00C04F79EFBC}") = "KlassSharp", "KlassSharp\KlassSharp.csproj", "{67739EAC-5972-4FBC-ACAE-3737CBF24EBB}"
EndProject
Project("{FAE04EC0-301F-11D3-BF4B-00C04F79EFBC}") = "StructSharp", "StructSharp\StructSharp.csproj", "{4BEF17A8-44B6-4C44-A6B9-31444A8368BF}"
EndProject
Global
	GlobalSection(SolutionConfigurationPlatforms) = preSolution
		Debug|Any CPU = Debug|Any CPU
		Release|Any CPU = Release|Any CPU
	EndGlobalSection
	GlobalSection(ProjectConfigurationPlatforms) = postSolution
		{67739EAC-5972-4FBC-ACAE-3737CBF24EBB}.Debug|Any CPU.ActiveCfg = Debug|Any CPU
		{67739EAC-5972-4FBC-ACAE-3737CBF24EBB}.Debug|Any CPU.Build.0 = Debug|Any CPU
		{67739EAC-5972-4FBC-ACAE-3737CBF24EBB}.Release|Any CPU.ActiveCfg = Release|Any CPU
		{67739EAC-5972-4FBC-ACAE-3737CBF24EBB}.Release|Any CPU.Build.0 = Release|Any CPU
		{4BEF17A8-44B6-4C44-A6B9-31444A8368BF}.Debug|Any CPU.ActiveCfg = Debug|Any CPU
		{4BEF17A8-44B6-4C44-A6B9-31444A8368BF}.Debug|Any CPU.Build.0 = Debug|Any CPU
		{4BEF17A8-44B6-4C44-A6B9-31444A8368BF}.Release|Any CPU.ActiveCfg = Release|Any CPU
		{4BEF17A8-44B6-4C44-A6B9-31444A8368BF}.Release|Any CPU.Build.0 = Release|Any CPU
	EndGlobalSection
	GlobalSection(SolutionProperties) = preSolution
		HideSolutionNode = FALSE
	EndGlobalSection
	GlobalSection(ExtensibilityGlobals) = postSolution
		SolutionGuid = {64B12C9A-975D-4090-91EE-C2110D5AA6CD}
	EndGlobalSection
EndGlobal
